Microsoft Visual Studio Solution File, Format Version 12.00
# Visual Studio Version 17
VisualStudioVersion = 17.8.34601.278
MinimumVisualStudioVersion = 10.0.40219.1
Project("{9A19103F-16F7-4668-BE54-9A1E7A4F7556}") = "NexIM.Xmpp", "NexIM.Xmpp\NexIM.Xmpp.csproj", "{AE773674-6177-4694-A144-860BF116FF17}"
EndProject
Project("{9A19103F-16F7-4668-BE54-9A1E7A4F7556}") = "NexIM.Xml.Generator", "NexIM.Xml.Generator\NexIM.Xml.Generator.csproj", "{F7E98F9D-95B1-465F-8413-19944EC9A964}"
EndProject
Project("{9A19103F-16F7-4668-BE54-9A1E7A4F7556}") = "NexIM.Server", "NexIM.Server\NexIM.Server.csproj", "{15D1C188-75E4-48FB-BE36-318C6953CFA0}"
EndProject
Project("{9A19103F-16F7-4668-BE54-9A1E7A4F7556}") = "NexIM.Xmpp.Protocol", "NexIM.Xmpp.Protocol\NexIM.Xmpp.Protocol.csproj", "{AF91CF4E-6DE3-4E7C-A81B-D180749EB19E}"
EndProject
Project("{9A19103F-16F7-4668-BE54-9A1E7A4F7556}") = "NexIM.Primitives", "NexIM.Primitives\NexIM.Primitives.csproj", "{310424AF-EC44-4415-AC8C-2A4AA88257FD}"
EndProject
Project("{9A19103F-16F7-4668-BE54-9A1E7A4F7556}") = "NexIM.Xrd.Protocol", "NexIM.Xrd.Protocol\NexIM.Xrd.Protocol.csproj", "{A3A96E77-82CD-411F-8070-632C705A0D50}"
EndProject
Project("{9A19103F-16F7-4668-BE54-9A1E7A4F7556}") = "NexIM.Metadata", "NexIM.Metadata\NexIM.Metadata.csproj", "{A2C7CD63-2E32-4D5B-AE7C-BAF907264F16}"
EndProject
Project("{9A19103F-16F7-4668-BE54-9A1E7A4F7556}") = "NexIM.Json.Generator", "NexIM.Json.Generator\NexIM.Json.Generator.csproj", "{040A8DCB-6C8C-453D-AD35-6250E229B56B}"
EndProject
Project("{9A19103F-16F7-4668-BE54-9A1E7A4F7556}") = "NexIM.Tools", "NexIM.Tools\NexIM.Tools.csproj", "{AE3AB3A9-EEB1-4928-B9C6-413CEDE373F5}"
EndProject
Project("{D954291E-2A0B-460D-934E-DC6B0785DB48}") = "NexIM.Shared", "NexIM.Shared\NexIM.Shared.shproj", "{4C37D1D7-0E65-4714-829C-4D06ADD7C54D}"
EndProject
Project("{FAE04EC0-301F-11D3-BF4B-00C04F79EFBC}") = "NexIM.App", "NexIM.App\NexIM.App.csproj", "{24FA16F4-BA45-475B-91DB-00430BC0BE33}"
EndProject
Global
	GlobalSection(SolutionConfigurationPlatforms) = preSolution
		Debug|Any CPU = Debug|Any CPU
		Release|Any CPU = Release|Any CPU
	EndGlobalSection
	GlobalSection(ProjectConfigurationPlatforms) = postSolution
		{AE773674-6177-4694-A144-860BF116FF17}.Debug|Any CPU.ActiveCfg = Debug|Any CPU
		{AE773674-6177-4694-A144-860BF116FF17}.Debug|Any CPU.Build.0 = Debug|Any CPU
		{AE773674-6177-4694-A144-860BF116FF17}.Release|Any CPU.ActiveCfg = Release|Any CPU
		{AE773674-6177-4694-A144-860BF116FF17}.Release|Any CPU.Build.0 = Release|Any CPU
		{F7E98F9D-95B1-465F-8413-19944EC9A964}.Debug|Any CPU.ActiveCfg = Debug|Any CPU
		{F7E98F9D-95B1-465F-8413-19944EC9A964}.Debug|Any CPU.Build.0 = Debug|Any CPU
		{F7E98F9D-95B1-465F-8413-19944EC9A964}.Release|Any CPU.ActiveCfg = Release|Any CPU
		{F7E98F9D-95B1-465F-8413-19944EC9A964}.Release|Any CPU.Build.0 = Release|Any CPU
		{15D1C188-75E4-48FB-BE36-318C6953CFA0}.Debug|Any CPU.ActiveCfg = Debug|Any CPU
		{15D1C188-75E4-48FB-BE36-318C6953CFA0}.Debug|Any CPU.Build.0 = Debug|Any CPU
		{15D1C188-75E4-48FB-BE36-318C6953CFA0}.Release|Any CPU.ActiveCfg = Release|Any CPU
		{15D1C188-75E4-48FB-BE36-318C6953CFA0}.Release|Any CPU.Build.0 = Release|Any CPU
		{AF91CF4E-6DE3-4E7C-A81B-D180749EB19E}.Debug|Any CPU.ActiveCfg = Debug|Any CPU
		{AF91CF4E-6DE3-4E7C-A81B-D180749EB19E}.Debug|Any CPU.Build.0 = Debug|Any CPU
		{AF91CF4E-6DE3-4E7C-A81B-D180749EB19E}.Release|Any CPU.ActiveCfg = Release|Any CPU
		{AF91CF4E-6DE3-4E7C-A81B-D180749EB19E}.Release|Any CPU.Build.0 = Release|Any CPU
		{310424AF-EC44-4415-AC8C-2A4AA88257FD}.Debug|Any CPU.ActiveCfg = Debug|Any CPU
		{310424AF-EC44-4415-AC8C-2A4AA88257FD}.Debug|Any CPU.Build.0 = Debug|Any CPU
		{310424AF-EC44-4415-AC8C-2A4AA88257FD}.Release|Any CPU.ActiveCfg = Release|Any CPU
		{310424AF-EC44-4415-AC8C-2A4AA88257FD}.Release|Any CPU.Build.0 = Release|Any CPU
		{A3A96E77-82CD-411F-8070-632C705A0D50}.Debug|Any CPU.ActiveCfg = Debug|Any CPU
		{A3A96E77-82CD-411F-8070-632C705A0D50}.Debug|Any CPU.Build.0 = Debug|Any CPU
		{A3A96E77-82CD-411F-8070-632C705A0D50}.Release|Any CPU.ActiveCfg = Release|Any CPU
		{A3A96E77-82CD-411F-8070-632C705A0D50}.Release|Any CPU.Build.0 = Release|Any CPU
		{A2C7CD63-2E32-4D5B-AE7C-BAF907264F16}.Debug|Any CPU.ActiveCfg = Debug|Any CPU
		{A2C7CD63-2E32-4D5B-AE7C-BAF907264F16}.Debug|Any CPU.Build.0 = Debug|Any CPU
		{A2C7CD63-2E32-4D5B-AE7C-BAF907264F16}.Release|Any CPU.ActiveCfg = Release|Any CPU
		{A2C7CD63-2E32-4D5B-AE7C-BAF907264F16}.Release|Any CPU.Build.0 = Release|Any CPU
		{040A8DCB-6C8C-453D-AD35-6250E229B56B}.Debug|Any CPU.ActiveCfg = Debug|Any CPU
		{040A8DCB-6C8C-453D-AD35-6250E229B56B}.Debug|Any CPU.Build.0 = Debug|Any CPU
		{040A8DCB-6C8C-453D-AD35-6250E229B56B}.Release|Any CPU.ActiveCfg = Release|Any CPU
		{040A8DCB-6C8C-453D-AD35-6250E229B56B}.Release|Any CPU.Build.0 = Release|Any CPU
		{AE3AB3A9-EEB1-4928-B9C6-413CEDE373F5}.Debug|Any CPU.ActiveCfg = Debug|Any CPU
		{AE3AB3A9-EEB1-4928-B9C6-413CEDE373F5}.Debug|Any CPU.Build.0 = Debug|Any CPU
		{AE3AB3A9-EEB1-4928-B9C6-413CEDE373F5}.Release|Any CPU.ActiveCfg = Release|Any CPU
		{AE3AB3A9-EEB1-4928-B9C6-413CEDE373F5}.Release|Any CPU.Build.0 = Release|Any CPU
		{24FA16F4-BA45-475B-91DB-00430BC0BE33}.Debug|Any CPU.ActiveCfg = Debug|Any CPU
		{24FA16F4-BA45-475B-91DB-00430BC0BE33}.Debug|Any CPU.Build.0 = Debug|Any CPU
		{24FA16F4-BA45-475B-91DB-00430BC0BE33}.Release|Any CPU.ActiveCfg = Release|Any CPU
		{24FA16F4-BA45-475B-91DB-00430BC0BE33}.Release|Any CPU.Build.0 = Release|Any CPU
	EndGlobalSection
	GlobalSection(SolutionProperties) = preSolution
		HideSolutionNode = FALSE
	EndGlobalSection
	GlobalSection(ExtensibilityGlobals) = postSolution
		SolutionGuid = {520F1E4E-E31A-44A9-BDF3-86B3D157ED07}
	EndGlobalSection
	GlobalSection(SharedMSBuildProjectFiles) = preSolution
		NexIM.Shared\NexIM.Shared.projitems*{310424af-ec44-4415-ac8c-2a4aa88257fd}*SharedItemsImports = 5
		NexIM.Shared\NexIM.Shared.projitems*{4c37d1d7-0e65-4714-829c-4d06add7c54d}*SharedItemsImports = 13
		NexIM.Shared\NexIM.Shared.projitems*{a3a96e77-82cd-411f-8070-632c705a0d50}*SharedItemsImports = 5
		NexIM.Shared\NexIM.Shared.projitems*{ae3ab3a9-eeb1-4928-b9c6-413cede373f5}*SharedItemsImports = 5
		NexIM.Shared\NexIM.Shared.projitems*{af91cf4e-6de3-4e7c-a81b-d180749eb19e}*SharedItemsImports = 5
	EndGlobalSection
EndGlobal
