
Microsoft Visual Studio Solution File, Format Version 12.00
# Visual Studio Version 17
VisualStudioVersion = 17.8.34601.278
MinimumVisualStudioVersion = 10.0.40219.1
Project("{FAE04EC0-301F-11D3-BF4B-00C04F79EFBC}") = "Unicord.Xmpp", "Unicord.Xmpp\Unicord.Xmpp.csproj", "{AE773674-6177-4694-A144-860BF116FF17}"
EndProject
Project("{FAE04EC0-301F-11D3-BF4B-00C04F79EFBC}") = "Unicord.Xmpp.Generator", "Unicord.Xmpp.Generator\Unicord.Xmpp.Generator.csproj", "{F7E98F9D-95B1-465F-8413-19944EC9A964}"
EndProject
Global
	GlobalSection(SolutionConfigurationPlatforms) = preSolution
		Debug|Any CPU = Debug|Any CPU
		Release|Any CPU = Release|Any CPU
	EndGlobalSection
	GlobalSection(ProjectConfigurationPlatforms) = postSolution
		{AE773674-6177-4694-A144-860BF116FF17}.Debug|Any CPU.ActiveCfg = Debug|Any CPU
		{AE773674-6177-4694-A144-860BF116FF17}.Debug|Any CPU.Build.0 = Debug|Any CPU
		{AE773674-6177-4694-A144-860BF116FF17}.Release|Any CPU.ActiveCfg = Release|Any CPU
		{AE773674-6177-4694-A144-860BF116FF17}.Release|Any CPU.Build.0 = Release|Any CPU
		{F7E98F9D-95B1-465F-8413-19944EC9A964}.Debug|Any CPU.ActiveCfg = Debug|Any CPU
		{F7E98F9D-95B1-465F-8413-19944EC9A964}.Debug|Any CPU.Build.0 = Debug|Any CPU
		{F7E98F9D-95B1-465F-8413-19944EC9A964}.Release|Any CPU.ActiveCfg = Release|Any CPU
		{F7E98F9D-95B1-465F-8413-19944EC9A964}.Release|Any CPU.Build.0 = Release|Any CPU
	EndGlobalSection
	GlobalSection(SolutionProperties) = preSolution
		HideSolutionNode = FALSE
	EndGlobalSection
	GlobalSection(ExtensibilityGlobals) = postSolution
		SolutionGuid = {520F1E4E-E31A-44A9-BDF3-86B3D157ED07}
	EndGlobalSection
EndGlobal
